
Microsoft Visual Studio Solution File, Format Version 12.00
# Visual Studio Version 17
VisualStudioVersion = 17.8.34525.116
MinimumVisualStudioVersion = 10.0.40219.1
Project("{9A19103F-16F7-4668-BE54-9A1E7A4F7556}") = "BlazorShop.Web", "BlazorShop.Web\BlazorShop.Web.csproj", "{1415A742-5268-4C73-A35F-57920608573A}"
EndProject
Project("{9A19103F-16F7-4668-BE54-9A1E7A4F7556}") = "BlazorShop.API", "BlazorShop.API\BlazorShop.API.csproj", "{A9E4CE2F-E82B-4EEE-A7DF-FFF15303C3C1}"
EndProject
Project("{9A19103F-16F7-4668-BE54-9A1E7A4F7556}") = "BlazorShop.Models", "BlazorShop.Models\BlazorShop.Models.csproj", "{486A8DB6-4533-48CB-821D-B331ED7DA01E}"
EndProject
Global
	GlobalSection(SolutionConfigurationPlatforms) = preSolution
		Debug|Any CPU = Debug|Any CPU
		Release|Any CPU = Release|Any CPU
	EndGlobalSection
	GlobalSection(ProjectConfigurationPlatforms) = postSolution
		{1415A742-5268-4C73-A35F-57920608573A}.Debug|Any CPU.ActiveCfg = Debug|Any CPU
		{1415A742-5268-4C73-A35F-57920608573A}.Debug|Any CPU.Build.0 = Debug|Any CPU
		{1415A742-5268-4C73-A35F-57920608573A}.Release|Any CPU.ActiveCfg = Release|Any CPU
		{1415A742-5268-4C73-A35F-57920608573A}.Release|Any CPU.Build.0 = Release|Any CPU
		{A9E4CE2F-E82B-4EEE-A7DF-FFF15303C3C1}.Debug|Any CPU.ActiveCfg = Debug|Any CPU
		{A9E4CE2F-E82B-4EEE-A7DF-FFF15303C3C1}.Debug|Any CPU.Build.0 = Debug|Any CPU
		{A9E4CE2F-E82B-4EEE-A7DF-FFF15303C3C1}.Release|Any CPU.ActiveCfg = Release|Any CPU
		{A9E4CE2F-E82B-4EEE-A7DF-FFF15303C3C1}.Release|Any CPU.Build.0 = Release|Any CPU
		{486A8DB6-4533-48CB-821D-B331ED7DA01E}.Debug|Any CPU.ActiveCfg = Debug|Any CPU
		{486A8DB6-4533-48CB-821D-B331ED7DA01E}.Debug|Any CPU.Build.0 = Debug|Any CPU
		{486A8DB6-4533-48CB-821D-B331ED7DA01E}.Release|Any CPU.ActiveCfg = Release|Any CPU
		{486A8DB6-4533-48CB-821D-B331ED7DA01E}.Release|Any CPU.Build.0 = Release|Any CPU
	EndGlobalSection
	GlobalSection(SolutionProperties) = preSolution
		HideSolutionNode = FALSE
	EndGlobalSection
	GlobalSection(ExtensibilityGlobals) = postSolution
		SolutionGuid = {A6448EDE-033F-4B7A-A5F0-1355ABC07623}
	EndGlobalSection
EndGlobal
